
Microsoft Visual Studio Solution File, Format Version 12.00
# Visual Studio 15
VisualStudioVersion = 15.0.28307.1062
MinimumVisualStudioVersion = 10.0.40219.1
Project("{FAE04EC0-301F-11D3-BF4B-00C04F79EFBC}") = "SeleniumNunitFramework", "SeleniumNunitFramework\SeleniumNunitFramework.csproj", "{EDA3DBE9-1E9F-4E9B-87E7-D052ACA81058}"
EndProject
Global
	GlobalSection(SolutionConfigurationPlatforms) = preSolution
		Debug|Any CPU = Debug|Any CPU
		Release|Any CPU = Release|Any CPU
	EndGlobalSection
	GlobalSection(ProjectConfigurationPlatforms) = postSolution
		{EDA3DBE9-1E9F-4E9B-87E7-D052ACA81058}.Debug|Any CPU.ActiveCfg = Debug|Any CPU
		{EDA3DBE9-1E9F-4E9B-87E7-D052ACA81058}.Debug|Any CPU.Build.0 = Debug|Any CPU
		{EDA3DBE9-1E9F-4E9B-87E7-D052ACA81058}.Release|Any CPU.ActiveCfg = Release|Any CPU
		{EDA3DBE9-1E9F-4E9B-87E7-D052ACA81058}.Release|Any CPU.Build.0 = Release|Any CPU
	EndGlobalSection
	GlobalSection(SolutionProperties) = preSolution
		HideSolutionNode = FALSE
	EndGlobalSection
	GlobalSection(ExtensibilityGlobals) = postSolution
		SolutionGuid = {56B26AA1-2360-4E02-8C87-B55689868DE1}
	EndGlobalSection
EndGlobal
